
Microsoft Visual Studio Solution File, Format Version 12.00
# Visual Studio Version 16
VisualStudioVersion = 16.0.31321.278
MinimumVisualStudioVersion = 10.0.40219.1
Project("{FAE04EC0-301F-11D3-BF4B-00C04F79EFBC}") = "KnowledgeSpace.BackendServer", "Src\KnowledgeSpace.BackendServer\KnowledgeSpace.BackendServer.csproj", "{D168A973-D8C6-43A2-B71D-746A68F5DAFA}"
EndProject
Project("{FAE04EC0-301F-11D3-BF4B-00C04F79EFBC}") = "KnowledgeSpace.WebPortal", "Src\KnowledgeSpace.WebPortal\KnowledgeSpace.WebPortal.csproj", "{B73C0978-1D38-43B4-B9EE-B6E22ECCD416}"
EndProject
Project("{FAE04EC0-301F-11D3-BF4B-00C04F79EFBC}") = "KnowledgeSpace.ViewModels", "Src\KnowledgeSpace.ViewModels\KnowledgeSpace.ViewModels.csproj", "{878B2151-59D3-49A3-9704-CF090F61F46A}"
EndProject
Global
	GlobalSection(SolutionConfigurationPlatforms) = preSolution
		Debug|Any CPU = Debug|Any CPU
		Release|Any CPU = Release|Any CPU
	EndGlobalSection
	GlobalSection(ProjectConfigurationPlatforms) = postSolution
		{D168A973-D8C6-43A2-B71D-746A68F5DAFA}.Debug|Any CPU.ActiveCfg = Debug|Any CPU
		{D168A973-D8C6-43A2-B71D-746A68F5DAFA}.Debug|Any CPU.Build.0 = Debug|Any CPU
		{D168A973-D8C6-43A2-B71D-746A68F5DAFA}.Release|Any CPU.ActiveCfg = Release|Any CPU
		{D168A973-D8C6-43A2-B71D-746A68F5DAFA}.Release|Any CPU.Build.0 = Release|Any CPU
		{B73C0978-1D38-43B4-B9EE-B6E22ECCD416}.Debug|Any CPU.ActiveCfg = Debug|Any CPU
		{B73C0978-1D38-43B4-B9EE-B6E22ECCD416}.Debug|Any CPU.Build.0 = Debug|Any CPU
		{B73C0978-1D38-43B4-B9EE-B6E22ECCD416}.Release|Any CPU.ActiveCfg = Release|Any CPU
		{B73C0978-1D38-43B4-B9EE-B6E22ECCD416}.Release|Any CPU.Build.0 = Release|Any CPU
		{878B2151-59D3-49A3-9704-CF090F61F46A}.Debug|Any CPU.ActiveCfg = Debug|Any CPU
		{878B2151-59D3-49A3-9704-CF090F61F46A}.Debug|Any CPU.Build.0 = Debug|Any CPU
		{878B2151-59D3-49A3-9704-CF090F61F46A}.Release|Any CPU.ActiveCfg = Release|Any CPU
		{878B2151-59D3-49A3-9704-CF090F61F46A}.Release|Any CPU.Build.0 = Release|Any CPU
	EndGlobalSection
	GlobalSection(SolutionProperties) = preSolution
		HideSolutionNode = FALSE
	EndGlobalSection
	GlobalSection(ExtensibilityGlobals) = postSolution
		SolutionGuid = {92805699-DB1A-4E1D-8619-5019A2D5E4BB}
	EndGlobalSection
EndGlobal
